dependencies:
  espressif/button:
    component_hash: 30a3f495c3862d505ce6e41adbbd218b2750e9723ab2151feff00e9fe685b326
    dependencies:
    - name: espressif/cmake_utilities
      registry_url: https://components.espressif.com
      require: private
      version: 0.*
    - name: idf
      require: private
      version: '>=4.0'
    source:
      registry_url: https://components.espressif.com/
      type: service
    version: 3.5.0
  espressif/cmake_utilities:
    component_hash: 351350613ceafba240b761b4ea991e0f231ac7a9f59a9ee901f751bddc0bb18f
    dependencies:
    - name: idf
      require: private
      version: '>=4.1'
    source:
      registry_url: https://components.espressif.com
      type: service
    version: 0.5.3
  espressif/esp_lcd_touch:
    component_hash: 3f85a7d95af876f1a6ecca8eb90a81614890d0f03a038390804e5a77e2caf862
    dependencies:
    - name: idf
      require: private
      version: '>=4.4.2'
    source:
      registry_url: https://components.espressif.com/
      type: service
    version: 1.2.1
  idf:
    source:
      type: idf
    version: 5.5.4
  lvgl:
    dependencies: []
    source:
      path: E:\esp32s3\UEDX80480050ESP32-5inch-Touch-Display-main\examples\esp_idf\lvgl_v9_port\components\lvgl
      type: local
    version: 9.1.0
direct_dependencies:
- espressif/button
- espressif/esp_lcd_touch
- idf
- lvgl/lvgl
manifest_hash: cbe31634ef9afdaf8f738fb48e36fec3c8178d1cf6c6311400e740d7db86ac5c
target: esp32s3
version: 2.0.0
